
Microsoft Visual Studio Solution File, Format Version 12.00
# Visual Studio Version 17
VisualStudioVersion = 17.14.36301.6
MinimumVisualStudioVersion = 10.0.40219.1
Project("{FAE04EC0-301F-11D3-BF4B-00C04F79EFBC}") = "403Unlocker", "403Unlocker\403Unlocker.csproj", "{33467ECC-197D-4C5B-B2A4-39D61F700695}"
EndProject
Project("{FAE04EC0-301F-11D3-BF4B-00C04F79EFBC}") = "Network Utilities", "Network Utilities\Network Utilities.csproj", "{BEF25846-319F-4EC2-9E21-962CF06E04C1}"
EndProject
Project("{FAE04EC0-301F-11D3-BF4B-00C04F79EFBC}") = "QR Code Generator", "QR Code Generator\QR Code Generator.csproj", "{8B20AF7A-2198-4E3D-9F7E-8CCE7F3902F2}"
EndProject
Project("{54435603-DBB4-11D2-8724-00A0C9A8B90C}") = "403Unlocker Installer", "403Unlocker Installer\403Unlocker Installer.vdproj", "{A4F9DA24-8D15-01E0-743A-8B60230C7762}"
EndProject
Global
	GlobalSection(SolutionConfigurationPlatforms) = preSolution
		Debug|Any CPU = Debug|Any CPU
		Release|Any CPU = Release|Any CPU
	EndGlobalSection
	GlobalSection(ProjectConfigurationPlatforms) = postSolution
		{33467ECC-197D-4C5B-B2A4-39D61F700695}.Debug|Any CPU.ActiveCfg = Debug|Any CPU
		{33467ECC-197D-4C5B-B2A4-39D61F700695}.Debug|Any CPU.Build.0 = Debug|Any CPU
		{33467ECC-197D-4C5B-B2A4-39D61F700695}.Release|Any CPU.ActiveCfg = Release|Any CPU
		{33467ECC-197D-4C5B-B2A4-39D61F700695}.Release|Any CPU.Build.0 = Release|Any CPU
		{BEF25846-319F-4EC2-9E21-962CF06E04C1}.Debug|Any CPU.ActiveCfg = Debug|Any CPU
		{BEF25846-319F-4EC2-9E21-962CF06E04C1}.Debug|Any CPU.Build.0 = Debug|Any CPU
		{BEF25846-319F-4EC2-9E21-962CF06E04C1}.Release|Any CPU.ActiveCfg = Release|Any CPU
		{BEF25846-319F-4EC2-9E21-962CF06E04C1}.Release|Any CPU.Build.0 = Release|Any CPU
		{8B20AF7A-2198-4E3D-9F7E-8CCE7F3902F2}.Debug|Any CPU.ActiveCfg = Debug|Any CPU
		{8B20AF7A-2198-4E3D-9F7E-8CCE7F3902F2}.Debug|Any CPU.Build.0 = Debug|Any CPU
		{8B20AF7A-2198-4E3D-9F7E-8CCE7F3902F2}.Release|Any CPU.ActiveCfg = Release|Any CPU
		{8B20AF7A-2198-4E3D-9F7E-8CCE7F3902F2}.Release|Any CPU.Build.0 = Release|Any CPU
		{A4F9DA24-8D15-01E0-743A-8B60230C7762}.Debug|Any CPU.ActiveCfg = Debug
		{A4F9DA24-8D15-01E0-743A-8B60230C7762}.Release|Any CPU.ActiveCfg = Release
	EndGlobalSection
	GlobalSection(SolutionProperties) = preSolution
		HideSolutionNode = FALSE
	EndGlobalSection
	GlobalSection(ExtensibilityGlobals) = postSolution
		SolutionGuid = {618D2A47-0942-4500-9F7C-6A6BD8059C83}
	EndGlobalSection
EndGlobal
